
Microsoft Visual Studio Solution File, Format Version 12.00
# Visual Studio Version 17
VisualStudioVersion = 17.14.37012.4 d17.14
MinimumVisualStudioVersion = 10.0.40219.1
Project("{FAE04EC0-301F-11D3-BF4B-00C04F79EFBC}") = "TETRIS DS", "TETRIS DS\TETRIS DS.csproj", "{D72FAF8E-BE88-4F5A-BB2C-2B25BCFAE31A}"
EndProject
Global
	GlobalSection(SolutionConfigurationPlatforms) = preSolution
		Debug|Any CPU = Debug|Any CPU
		Release|Any CPU = Release|Any CPU
	EndGlobalSection
	GlobalSection(ProjectConfigurationPlatforms) = postSolution
		{D72FAF8E-BE88-4F5A-BB2C-2B25BCFAE31A}.Debug|Any CPU.ActiveCfg = Debug|Any CPU
		{D72FAF8E-BE88-4F5A-BB2C-2B25BCFAE31A}.Debug|Any CPU.Build.0 = Debug|Any CPU
		{D72FAF8E-BE88-4F5A-BB2C-2B25BCFAE31A}.Release|Any CPU.ActiveCfg = Release|Any CPU
		{D72FAF8E-BE88-4F5A-BB2C-2B25BCFAE31A}.Release|Any CPU.Build.0 = Release|Any CPU
	EndGlobalSection
	GlobalSection(SolutionProperties) = preSolution
		HideSolutionNode = FALSE
	EndGlobalSection
EndGlobal
